// !$*UTF8*$!
{
	archiveVersion = 1;
	classes = {
	};
	objectVersion = 48;
	objects = {

/* Begin PBXBuildFile section */
		5DF3694D201D8352009EB56B /* AppDelegate.swift in Sources */ = {isa = PBXBuildFile; fileRef = 5DF36945201D8352009EB56B /* AppDelegate.swift */; };
		5DF3694E201D8352009EB56B /* Assets.xcassets in Resources */ = {isa = PBXBuildFile; fileRef = 5DF36946201D8352009EB56B /* Assets.xcassets */; };
		5DF3694F201D8352009EB56B /* LaunchScreen.storyboard in Resources */ = {isa = PBXBuildFile; fileRef = 5DF36947201D8352009EB56B /* LaunchScreen.storyboard */; };
		5DF36950201D8352009EB56B /* Main.storyboard in Resources */ = {isa = PBXBuildFile; fileRef = 5DF36949201D8352009EB56B /* Main.storyboard */; };
		5DF36951201D8352009EB56B /* Info.plist in Resources */ = {isa = PBXBuildFile; fileRef = 5DF3694B201D8352009EB56B /* Info.plist */; };
		5DF36952201D8352009EB56B /* ViewController.swift in Sources */ = {isa = PBXBuildFile; fileRef = 5DF3694C201D8352009EB56B /* ViewController.swift */; };
/* End PBXBuildFile section */

/* Begin PBXContainerItemProxy section */
		5DF36926201D7FCE009EB56B /* PBXContainerItemProxy */ = {
			isa = PBXContainerItemProxy;
			containerPortal = 5DF36909201D7FCE009EB56B /* Project object */;
			proxyType = 1;
			remoteGlobalIDString = 5DF36910201D7FCE009EB56B;
			remoteInfo = SwiftRefresh;
		};
		5DF36931201D7FCE009EB56B /* PBXContainerItemProxy */ = {
			isa = PBXContainerItemProxy;
			containerPortal = 5DF36909201D7FCE009EB56B /* Project object */;
			proxyType = 1;
			remoteGlobalIDString = 5DF36910201D7FCE009EB56B;
			remoteInfo = SwiftRefresh;
		};
/* End PBXContainerItemProxy section */

/* Begin PBXCopyFilesBuildPhase section */
		5DF36972201D860E009EB56B /* Embed App Extensions */ = {
			isa = PBXCopyFilesBuildPhase;
			buildActionMask = 2147483647;
			dstPath = "";
			dstSubfolderSpec = 13;
			files = (
			);
			name = "Embed App Extensions";
			runOnlyForDeploymentPostprocessing = 0;
		};
		5DF369B6201D8759009EB56B /* Embed Frameworks */ = {
			isa = PBXCopyFilesBuildPhase;
			buildActionMask = 2147483647;
			dstPath = "";
			dstSubfolderSpec = 10;
			files = (
			);
			name = "Embed Frameworks";
			runOnlyForDeploymentPostprocessing = 0;
		};
/* End PBXCopyFilesBuildPhase section */

/* Begin PBXFileReference section */
		5DF36911201D7FCE009EB56B /* SwiftRefresh.app */ = {isa = PBXFileReference; explicitFileType = wrapper.application; includeInIndex = 0; path = SwiftRefresh.app; sourceTree = BUILT_PRODUCTS_DIR; };
		5DF36925201D7FCE009EB56B /* SwiftRefreshTests.xctest */ = {isa = PBXFileReference; explicitFileType = wrapper.cfbundle; includeInIndex = 0; path = SwiftRefreshTests.xctest; sourceTree = BUILT_PRODUCTS_DIR; };
		5DF36930201D7FCE009EB56B /* SwiftRefreshUITests.xctest */ = {isa = PBXFileReference; explicitFileType = wrapper.cfbundle; includeInIndex = 0; path = SwiftRefreshUITests.xctest; sourceTree = BUILT_PRODUCTS_DIR; };
		5DF36945201D8352009EB56B /* AppDelegate.swift */ = {isa = PBXFileReference; fileEncoding = 4; lastKnownFileType = sourcecode.swift; path = AppDelegate.swift; sourceTree = "<group>"; };
		5DF36946201D8352009EB56B /* Assets.xcassets */ = {isa = PBXFileReference; lastKnownFileType = folder.assetcatalog; path = Assets.xcassets; sourceTree = "<group>"; };
		5DF36948201D8352009EB56B /* Base */ = {isa = PBXFileReference; lastKnownFileType = file.storyboard; name = Base; path = Base.lproj/LaunchScreen.storyboard; sourceTree = "<group>"; };
		5DF3694A201D8352009EB56B /* Base */ = {isa = PBXFileReference; lastKnownFileType = file.storyboard; name = Base; path = Base.lproj/Main.storyboard; sourceTree = "<group>"; };
		5DF3694B201D8352009EB56B /* Info.plist */ = {isa = PBXFileReference; fileEncoding = 4; lastKnownFileType = text.plist.xml; path = Info.plist; sourceTree = "<group>"; };
		5DF3694C201D8352009EB56B /* ViewController.swift */ = {isa = PBXFileReference; fileEncoding = 4; lastKnownFileType = sourcecode.swift; path = ViewController.swift; sourceTree = "<group>"; };
/* End PBXFileReference section */

/* Begin PBXFrameworksBuildPhase section */
		5DF3690E201D7FCE009EB56B /* Frameworks */ = {
			isa = PBXFrameworksBuildPhase;
			buildActionMask = 2147483647;
			files = (
			);
			runOnlyForDeploymentPostprocessing = 0;
		};
		5DF36922201D7FCE009EB56B /* Frameworks */ = {
			isa = PBXFrameworksBuildPhase;
			buildActionMask = 2147483647;
			files = (
			);
			runOnlyForDeploymentPostprocessing = 0;
		};
		5DF3692D201D7FCE009EB56B /* Frameworks */ = {
			isa = PBXFrameworksBuildPhase;
			buildActionMask = 2147483647;
			files = (
			);
			runOnlyForDeploymentPostprocessing = 0;
		};
/* End PBXFrameworksBuildPhase section */

/* Begin PBXGroup section */
		5DF36908201D7FCE009EB56B = {
			isa = PBXGroup;
			children = (
				5DF36942201D8347009EB56B /* Sources */,
				5DF36943201D8352009EB56B /* Demo */,
				5DF36953201D835A009EB56B /* Test */,
				5DF36912201D7FCE009EB56B /* Products */,
			);
			sourceTree = "<group>";
		};
		5DF36912201D7FCE009EB56B /* Products */ = {
			isa = PBXGroup;
			children = (
				5DF36911201D7FCE009EB56B /* SwiftRefresh.app */,
				5DF36925201D7FCE009EB56B /* SwiftRefreshTests.xctest */,
				5DF36930201D7FCE009EB56B /* SwiftRefreshUITests.xctest */,
			);
			name = Products;
			sourceTree = "<group>";
		};
		5DF36942201D8347009EB56B /* Sources */ = {
			isa = PBXGroup;
			children = (
			);
			path = Sources;
			sourceTree = "<group>";
		};
		5DF36943201D8352009EB56B /* Demo */ = {
			isa = PBXGroup;
			children = (
				5DF36944201D8352009EB56B /* SwiftRefresh */,
			);
			path = Demo;
			sourceTree = "<group>";
		};
		5DF36944201D8352009EB56B /* SwiftRefresh */ = {
			isa = PBXGroup;
			children = (
				5DF36945201D8352009EB56B /* AppDelegate.swift */,
				5DF3694C201D8352009EB56B /* ViewController.swift */,
				5DF36946201D8352009EB56B /* Assets.xcassets */,
				5DF36947201D8352009EB56B /* LaunchScreen.storyboard */,
				5DF36949201D8352009EB56B /* Main.storyboard */,
				5DF3694B201D8352009EB56B /* Info.plist */,
			);
			path = SwiftRefresh;
			sourceTree = "<group>";
		};
		5DF36953201D835A009EB56B /* Test */ = {
			isa = PBXGroup;
			children = (
			);
			path = Test;
			sourceTree = "<group>";
		};
/* End PBXGroup section */

/* Begin PBXNativeTarget section */
		5DF36910201D7FCE009EB56B /* SwiftRefresh */ = {
			isa = PBXNativeTarget;
			buildConfigurationList = 5DF36939201D7FCE009EB56B /* Build configuration list for PBXNativeTarget "SwiftRefresh" */;
			buildPhases = (
				5DF3690D201D7FCE009EB56B /* Sources */,
				5DF3690E201D7FCE009EB56B /* Frameworks */,
				5DF3690F201D7FCE009EB56B /* Resources */,
				5DF36972201D860E009EB56B /* Embed App Extensions */,
				5DF369B6201D8759009EB56B /* Embed Frameworks */,
			);
			buildRules = (
			);
			dependencies = (
			);
			name = SwiftRefresh;
			productName = SwiftRefresh;
			productReference = 5DF36911201D7FCE009EB56B /* SwiftRefresh.app */;
			productType = "com.apple.product-type.application";
		};
		5DF36924201D7FCE009EB56B /* SwiftRefreshTests */ = {
			isa = PBXNativeTarget;
			buildConfigurationList = 5DF3693C201D7FCE009EB56B /* Build configuration list for PBXNativeTarget "SwiftRefreshTests" */;
			buildPhases = (
				5DF36921201D7FCE009EB56B /* Sources */,
				5DF36922201D7FCE009EB56B /* Frameworks */,
				5DF36923201D7FCE009EB56B /* Resources */,
			);
			buildRules = (
			);
			dependencies = (
				5DF36927201D7FCE009EB56B /* PBXTargetDependency */,
			);
			name = SwiftRefreshTests;
			productName = SwiftRefreshTests;
			productReference = 5DF36925201D7FCE009EB56B /* SwiftRefreshTests.xctest */;
			productType = "com.apple.product-type.bundle.unit-test";
		};
		5DF3692F201D7FCE009EB56B /* SwiftRefreshUITests */ = {
			isa = PBXNativeTarget;
			buildConfigurationList = 5DF3693F201D7FCE009EB56B /* Build configuration list for PBXNativeTarget "SwiftRefreshUITests" */;
			buildPhases = (
				5DF3692C201D7FCE009EB56B /* Sources */,
				5DF3692D201D7FCE009EB56B /* Frameworks */,
				5DF3692E201D7FCE009EB56B /* Resources */,
			);
			buildRules = (
			);
			dependencies = (
				5DF36932201D7FCE009EB56B /* PBXTargetDependency */,
			);
			name = SwiftRefreshUITests;
			productName = SwiftRefreshUITests;
			productReference = 5DF36930201D7FCE009EB56B /* SwiftRefreshUITests.xctest */;
			productType = "com.apple.product-type.bundle.ui-testing";
		};
/* End PBXNativeTarget section */

/* Begin PBXProject section */
		5DF36909201D7FCE009EB56B /* Project object */ = {
			isa = PBXProject;
			attributes = {
				LastSwiftUpdateCheck = 0920;
				LastUpgradeCheck = 0920;
				ORGANIZATIONNAME = Mzxer;
				TargetAttributes = {
					5DF36910201D7FCE009EB56B = {
						CreatedOnToolsVersion = 9.2;
						ProvisioningStyle = Automatic;
					};
					5DF36924201D7FCE009EB56B = {
						CreatedOnToolsVersion = 9.2;
						ProvisioningStyle = Automatic;
						TestTargetID = 5DF36910201D7FCE009EB56B;
					};
					5DF3692F201D7FCE009EB56B = {
						CreatedOnToolsVersion = 9.2;
						ProvisioningStyle = Automatic;
						TestTargetID = 5DF36910201D7FCE009EB56B;
					};
				};
			};
			buildConfigurationList = 5DF3690C201D7FCE009EB56B /* Build configuration list for PBXProject "SwiftRefresh" */;
			compatibilityVersion = "Xcode 8.0";
			developmentRegion = en;
			hasScannedForEncodings = 0;
			knownRegions = (
				en,
				Base,
			);
			mainGroup = 5DF36908201D7FCE009EB56B;
			productRefGroup = 5DF36912201D7FCE009EB56B /* Products */;
			projectDirPath = "";
			projectRoot = "";
			targets = (
				5DF36910201D7FCE009EB56B /* SwiftRefresh */,
				5DF36924201D7FCE009EB56B /* SwiftRefreshTests */,
				5DF3692F201D7FCE009EB56B /* SwiftRefreshUITests */,
			);
		};
/* End PBXProject section */

/* Begin PBXResourcesBuildPhase section */
		5DF3690F201D7FCE009EB56B /* Resources */ = {
			isa = PBXResourcesBuildPhase;
			buildActionMask = 2147483647;
			files = (
				5DF36951201D8352009EB56B /* Info.plist in Resources */,
				5DF36950201D8352009EB56B /* Main.storyboard in Resources */,
				5DF3694E201D8352009EB56B /* Assets.xcassets in Resources */,
				5DF3694F201D8352009EB56B /* LaunchScreen.storyboard in Resources */,
			);
			runOnlyForDeploymentPostprocessing = 0;
		};
		5DF36923201D7FCE009EB56B /* Resources */ = {
			isa = PBXResourcesBuildPhase;
			buildActionMask = 2147483647;
			files = (
			);
			runOnlyForDeploymentPostprocessing = 0;
		};
		5DF3692E201D7FCE009EB56B /* Resources */ = {
			isa = PBXResourcesBuildPhase;
			buildActionMask = 2147483647;
			files = (
			);
			runOnlyForDeploymentPostprocessing = 0;
		};
/* End PBXResourcesBuildPhase section */

/* Begin PBXSourcesBuildPhase section */
		5DF3690D201D7FCE009EB56B /* Sources */ = {
			isa = PBXSourcesBuildPhase;
			buildActionMask = 2147483647;
			files = (
				5DF36952201D8352009EB56B /* ViewController.swift in Sources */,
				5DF3694D201D8352009EB56B /* AppDelegate.swift in Sources */,
			);
			runOnlyForDeploymentPostprocessing = 0;
		};
		5DF36921201D7FCE009EB56B /* Sources */ = {
			isa = PBXSourcesBuildPhase;
			buildActionMask = 2147483647;
			files = (
			);
			runOnlyForDeploymentPostprocessing = 0;
		};
		5DF3692C201D7FCE009EB56B /* Sources */ = {
			isa = PBXSourcesBuildPhase;
			buildActionMask = 2147483647;
			files = (
			);
			runOnlyForDeploymentPostprocessing = 0;
		};
/* End PBXSourcesBuildPhase section */

/* Begin PBXTargetDependency section */
		5DF36927201D7FCE009EB56B /* PBXTargetDependency */ = {
			isa = PBXTargetDependency;
			target = 5DF36910201D7FCE009EB56B /* SwiftRefresh */;
			targetProxy = 5DF36926201D7FCE009EB56B /* PBXContainerItemProxy */;
		};
		5DF36932201D7FCE009EB56B /* PBXTargetDependency */ = {
			isa = PBXTargetDependency;
			target = 5DF36910201D7FCE009EB56B /* SwiftRefresh */;
			targetProxy = 5DF36931201D7FCE009EB56B /* PBXContainerItemProxy */;
		};
/* End PBXTargetDependency section */

/* Begin PBXVariantGroup section */
		5DF36947201D8352009EB56B /* LaunchScreen.storyboard */ = {
			isa = PBXVariantGroup;
			children = (
				5DF36948201D8352009EB56B /* Base */,
			);
			name = LaunchScreen.storyboard;
			sourceTree = "<group>";
		};
		5DF36949201D8352009EB56B /* Main.storyboard */ = {
			isa = PBXVariantGroup;
			children = (
				5DF3694A201D8352009EB56B /* Base */,
			);
			name = Main.storyboard;
			sourceTree = "<group>";
		};
/* End PBXVariantGroup section */

/* Begin XCBuildConfiguration section */
		5DF36937201D7FCE009EB56B /* Debug */ = {
			isa = XCBuildConfiguration;
			buildSettings = {
				ALWAYS_SEARCH_USER_PATHS = NO;
				CLANG_ANALYZER_NONNULL = YES;
				CLANG_ANALYZER_NUMBER_OBJECT_CONVERSION = YES_AGGRESSIVE;
				CLANG_CXX_LANGUAGE_STANDARD = "gnu++14";
				CLANG_CXX_LIBRARY = "libc++";
				CLANG_ENABLE_MODULES = YES;
				CLANG_ENABLE_OBJC_ARC = YES;
				CLANG_WARN_BLOCK_CAPTURE_AUTORELEASING = YES;
				CLANG_WARN_BOOL_CONVERSION = YES;
				CLANG_WARN_COMMA = YES;
				CLANG_WARN_CONSTANT_CONVERSION = YES;
				CLANG_WARN_DIRECT_OBJC_ISA_USAGE = YES_ERROR;
				CLANG_WARN_DOCUMENTATION_COMMENTS = YES;
				CLANG_WARN_EMPTY_BODY = YES;
				CLANG_WARN_ENUM_CONVERSION = YES;
				CLANG_WARN_INFINITE_RECURSION = YES;
				CLANG_WARN_INT_CONVERSION = YES;
				CLANG_WARN_NON_LITERAL_NULL_CONVERSION = YES;
				CLANG_WARN_OBJC_LITERAL_CONVERSION = YES;
				CLANG_WARN_OBJC_ROOT_CLASS = YES_ERROR;
				CLANG_WARN_RANGE_LOOP_ANALYSIS = YES;
				CLANG_WARN_STRICT_PROTOTYPES = YES;
				CLANG_WARN_SUSPICIOUS_MOVE = YES;
				CLANG_WARN_UNGUARDED_AVAILABILITY = YES_AGGRESSIVE;
				CLANG_WARN_UNREACHABLE_CODE = YES;
				CLANG_WARN__DUPLICATE_METHOD_MATCH = YES;
				CODE_SIGN_IDENTITY = "iPhone Developer";
				COPY_PHASE_STRIP = NO;
				DEBUG_INFORMATION_FORMAT = dwarf;
				ENABLE_STRICT_OBJC_MSGSEND = YES;
				ENABLE_TESTABILITY = YES;
				GCC_C_LANGUAGE_STANDARD = gnu11;
				GCC_DYNAMIC_NO_PIC = NO;
				GCC_NO_COMMON_BLOCKS = YES;
				GCC_OPTIMIZATION_LEVEL = 0;
				GCC_PREPROCESSOR_DEFINITIONS = (
					"DEBUG=1",
					"$(inherited)",
				);
				GCC_WARN_64_TO_32_BIT_CONVERSION = YES;
				GCC_WARN_ABOUT_RETURN_TYPE = YES_ERROR;
				GCC_WARN_UNDECLARED_SELECTOR = YES;
				GCC_WARN_UNINITIALIZED_AUTOS = YES_AGGRESSIVE;
				GCC_WARN_UNUSED_FUNCTION = YES;
				GCC_WARN_UNUSED_VARIABLE = YES;
				IPHONEOS_DEPLOYMENT_TARGET = 11.2;
				MTL_ENABLE_DEBUG_INFO = YES;
				ONLY_ACTIVE_ARCH = YES;
				SDKROOT = iphoneos;
				SWIFT_ACTIVE_COMPILATION_CONDITIONS = DEBUG;
				SWIFT_OPTIMIZATION_LEVEL = "-Onone";
			};
			name = Debug;
		};
		5DF36938201D7FCE009EB56B /* Release */ = {
			isa = XCBuildConfiguration;
			buildSettings = {
				ALWAYS_SEARCH_USER_PATHS = NO;
				CLANG_ANALYZER_NONNULL = YES;
				CLANG_ANALYZER_NUMBER_OBJECT_CONVERSION = YES_AGGRESSIVE;
				CLANG_CXX_LANGUAGE_STANDARD = "gnu++14";
				CLANG_CXX_LIBRARY = "libc++";
				CLANG_ENABLE_MODULES = YES;
				CLANG_ENABLE_OBJC_ARC = YES;
				CLANG_WARN_BLOCK_CAPTURE_AUTORELEASING = YES;
				CLANG_WARN_BOOL_CONVERSION = YES;
				CLANG_WARN_COMMA = YES;
				CLANG_WARN_CONSTANT_CONVERSION = YES;
				CLANG_WARN_DIRECT_OBJC_ISA_USAGE = YES_ERROR;
				CLANG_WARN_DOCUMENTATION_COMMENTS = YES;
				CLANG_WARN_EMPTY_BODY = YES;
				CLANG_WARN_ENUM_CONVERSION = YES;
				CLANG_WARN_INFINITE_RECURSION = YES;
				CLANG_WARN_INT_CONVERSION = YES;
				CLANG_WARN_NON_LITERAL_NULL_CONVERSION = YES;
				CLANG_WARN_OBJC_LITERAL_CONVERSION = YES;
				CLANG_WARN_OBJC_ROOT_CLASS = YES_ERROR;
				CLANG_WARN_RANGE_LOOP_ANALYSIS = YES;
				CLANG_WARN_STRICT_PROTOTYPES = YES;
				CLANG_WARN_SUSPICIOUS_MOVE = YES;
				CLANG_WARN_UNGUARDED_AVAILABILITY = YES_AGGRESSIVE;
				CLANG_WARN_UNREACHABLE_CODE = YES;
				CLANG_WARN__DUPLICATE_METHOD_MATCH = YES;
				CODE_SIGN_IDENTITY = "iPhone Developer";
				COPY_PHASE_STRIP = NO;
				DEBUG_INFORMATION_FORMAT = "dwarf-with-dsym";
				ENABLE_NS_ASSERTIONS = NO;
				ENABLE_STRICT_OBJC_MSGSEND = YES;
				GCC_C_LANGUAGE_STANDARD = gnu11;
				GCC_NO_COMMON_BLOCKS = YES;
				GCC_WARN_64_TO_32_BIT_CONVERSION = YES;
				GCC_WARN_ABOUT_RETURN_TYPE = YES_ERROR;
				GCC_WARN_UNDECLARED_SELECTOR = YES;
				GCC_WARN_UNINITIALIZED_AUTOS = YES_AGGRESSIVE;
				GCC_WARN_UNUSED_FUNCTION = YES;
				GCC_WARN_UNUSED_VARIABLE = YES;
				IPHONEOS_DEPLOYMENT_TARGET = 11.2;
				MTL_ENABLE_DEBUG_INFO = NO;
				SDKROOT = iphoneos;
				SWIFT_OPTIMIZATION_LEVEL = "-Owholemodule";
				VALIDATE_PRODUCT = YES;
			};
			name = Release;
		};
		5DF3693A201D7FCE009EB56B /* Debug */ = {
			isa = XCBuildConfiguration;
			buildSettings = {
				ALWAYS_EMBED_SWIFT_STANDARD_LIBRARIES = YES;
				ASSETCATALOG_COMPILER_APPICON_NAME = AppIcon;
				CODE_SIGN_STYLE = Automatic;
				DEVELOPMENT_TEAM = BV4N2J437D;
				INFOPLIST_FILE = "$(SRCROOT)/Demo/SwiftRefresh/Info.plist";
				IPHONEOS_DEPLOYMENT_TARGET = 8.0;
				LD_RUNPATH_SEARCH_PATHS = "$(inherited) @executable_path/Frameworks";
				PRODUCT_BUNDLE_IDENTIFIER = com.mzxer.SwiftRefresh;
				PRODUCT_NAME = "$(TARGET_NAME)";
				SWIFT_VERSION = 4.0;
				TARGETED_DEVICE_FAMILY = "1,2";
			};
			name = Debug;
		};
		5DF3693B201D7FCE009EB56B /* Release */ = {
			isa = XCBuildConfiguration;
			buildSettings = {
				ALWAYS_EMBED_SWIFT_STANDARD_LIBRARIES = YES;
				ASSETCATALOG_COMPILER_APPICON_NAME = AppIcon;
				CODE_SIGN_STYLE = Automatic;
				DEVELOPMENT_TEAM = BV4N2J437D;
				INFOPLIST_FILE = "$(SRCROOT)/Demo/SwiftRefresh/Info.plist";
				IPHONEOS_DEPLOYMENT_TARGET = 8.0;
				LD_RUNPATH_SEARCH_PATHS = "$(inherited) @executable_path/Frameworks";
				PRODUCT_BUNDLE_IDENTIFIER = com.mzxer.SwiftRefresh;
				PRODUCT_NAME = "$(TARGET_NAME)";
				SWIFT_VERSION = 4.0;
				TARGETED_DEVICE_FAMILY = "1,2";
			};
			name = Release;
		};
		5DF3693D201D7FCE009EB56B /* Debug */ = {
			isa = XCBuildConfiguration;
			buildSettings = {
				ALWAYS_EMBED_SWIFT_STANDARD_LIBRARIES = YES;
				BUNDLE_LOADER = "$(TEST_HOST)";
				CODE_SIGN_STYLE = Automatic;
				DEVELOPMENT_TEAM = BV4N2J437D;
				INFOPLIST_FILE = SwiftRefreshTests/Info.plist;
				LD_RUNPATH_SEARCH_PATHS = "$(inherited) @executable_path/Frameworks @loader_path/Frameworks";
				PRODUCT_BUNDLE_IDENTIFIER = com.mzxer.SwiftRefreshTests;
				PRODUCT_NAME = "$(TARGET_NAME)";
				SWIFT_VERSION = 4.0;
				TARGETED_DEVICE_FAMILY = "1,2";
				TEST_HOST = "$(BUILT_PRODUCTS_DIR)/SwiftRefresh.app/SwiftRefresh";
			};
			name = Debug;
		};
		5DF3693E201D7FCE009EB56B /* Release */ = {
			isa = XCBuildConfiguration;
			buildSettings = {
				ALWAYS_EMBED_SWIFT_STANDARD_LIBRARIES = YES;
				BUNDLE_LOADER = "$(TEST_HOST)";
				CODE_SIGN_STYLE = Automatic;
				DEVELOPMENT_TEAM = BV4N2J437D;
				INFOPLIST_FILE = SwiftRefreshTests/Info.plist;
				LD_RUNPATH_SEARCH_PATHS = "$(inherited) @executable_path/Frameworks @loader_path/Frameworks";
				PRODUCT_BUNDLE_IDENTIFIER = com.mzxer.SwiftRefreshTests;
				PRODUCT_NAME = "$(TARGET_NAME)";
				SWIFT_VERSION = 4.0;
				TARGETED_DEVICE_FAMILY = "1,2";
				TEST_HOST = "$(BUILT_PRODUCTS_DIR)/SwiftRefresh.app/SwiftRefresh";
			};
			name = Release;
		};
		5DF36940201D7FCE009EB56B /* Debug */ = {
			isa = XCBuildConfiguration;
			buildSettings = {
				ALWAYS_EMBED_SWIFT_STANDARD_LIBRARIES = YES;
				CODE_SIGN_STYLE = Automatic;
				INFOPLIST_FILE = SwiftRefreshUITests/Info.plist;
				LD_RUNPATH_SEARCH_PATHS = "$(inherited) @executable_path/Frameworks @loader_path/Frameworks";
				PRODUCT_BUNDLE_IDENTIFIER = com.mzxer.SwiftRefreshUITests;
				PRODUCT_NAME = "$(TARGET_NAME)";
				SWIFT_VERSION = 4.0;
				TARGETED_DEVICE_FAMILY = "1,2";
				TEST_TARGET_NAME = SwiftRefresh;
			};
			name = Debug;
		};
		5DF36941201D7FCE009EB56B /* Release */ = {
			isa = XCBuildConfiguration;
			buildSettings = {
				ALWAYS_EMBED_SWIFT_STANDARD_LIBRARIES = YES;
				CODE_SIGN_STYLE = Automatic;
				INFOPLIST_FILE = SwiftRefreshUITests/Info.plist;
				LD_RUNPATH_SEARCH_PATHS = "$(inherited) @executable_path/Frameworks @loader_path/Frameworks";
				PRODUCT_BUNDLE_IDENTIFIER = com.mzxer.SwiftRefreshUITests;
				PRODUCT_NAME = "$(TARGET_NAME)";
				SWIFT_VERSION = 4.0;
				TARGETED_DEVICE_FAMILY = "1,2";
				TEST_TARGET_NAME = SwiftRefresh;
			};
			name = Release;
		};
/* End XCBuildConfiguration section */

/* Begin XCConfigurationList section */
		5DF3690C201D7FCE009EB56B /* Build configuration list for PBXProject "SwiftRefresh" */ = {
			isa = XCConfigurationList;
			buildConfigurations = (
				5DF36937201D7FCE009EB56B /* Debug */,
				5DF36938201D7FCE009EB56B /* Release */,
			);
			defaultConfigurationIsVisible = 0;
			defaultConfigurationName = Release;
		};
		5DF36939201D7FCE009EB56B /* Build configuration list for PBXNativeTarget "SwiftRefresh" */ = {
			isa = XCConfigurationList;
			buildConfigurations = (
				5DF3693A201D7FCE009EB56B /* Debug */,
				5DF3693B201D7FCE009EB56B /* Release */,
			);
			defaultConfigurationIsVisible = 0;
			defaultConfigurationName = Release;
		};
		5DF3693C201D7FCE009EB56B /* Build configuration list for PBXNativeTarget "SwiftRefreshTests" */ = {
			isa = XCConfigurationList;
			buildConfigurations = (
				5DF3693D201D7FCE009EB56B /* Debug */,
				5DF3693E201D7FCE009EB56B /* Release */,
			);
			defaultConfigurationIsVisible = 0;
			defaultConfigurationName = Release;
		};
		5DF3693F201D7FCE009EB56B /* Build configuration list for PBXNativeTarget "SwiftRefreshUITests" */ = {
			isa = XCConfigurationList;
			buildConfigurations = (
				5DF36940201D7FCE009EB56B /* Debug */,
				5DF36941201D7FCE009EB56B /* Release */,
			);
			defaultConfigurationIsVisible = 0;
			defaultConfigurationName = Release;
		};
/* End XCConfigurationList section */
	};
	rootObject = 5DF36909201D7FCE009EB56B /* Project object */;
}
